
Microsoft Visual Studio Solution File, Format Version 12.00
# Visual Studio Version 17
VisualStudioVersion = 17.6.33712.159
MinimumVisualStudioVersion = 10.0.40219.1
Project("{FAE04EC0-301F-11D3-BF4B-00C04F79EFBC}") = "Vending_machine", "Vending_machine\Vending_machine.csproj", "{1FC6F1EA-ECEE-4DA3-BA67-CE906F97C57E}"
EndProject
Project("{2150E333-8FDC-42A3-9474-1A3956D46DE8}") = "Core", "Core", "{5C5E8DA8-C50F-4B44-8792-CDA68A6CCD93}"
EndProject
Project("{FAE04EC0-301F-11D3-BF4B-00C04F79EFBC}") = "Vending_machine.Core.Entities", "Core\Vending_machine.Core.Entities\Vending_machine.Core.Entities.csproj", "{132D143A-77D4-48FD-AE0F-09F4A46745A5}"
EndProject
Project("{2150E333-8FDC-42A3-9474-1A3956D46DE8}") = "Business", "Business", "{175ED7D7-6772-45CD-8C67-F18BB5566199}"
EndProject
Project("{FAE04EC0-301F-11D3-BF4B-00C04F79EFBC}") = "Vending_machine.Business.Interfaces", "Vending_machine.Business.Interfaces\Vending_machine.Business.Interfaces.csproj", "{A467C126-9637-44F6-9FAE-832ABD3AF553}"
EndProject
Project("{FAE04EC0-301F-11D3-BF4B-00C04F79EFBC}") = "Vending_machine.Business.Dtos", "Vending_machine.Business.Dtos\Vending_machine.Business.Dtos.csproj", "{4B38A8C5-F6C8-4568-9804-196F89FABDB8}"
EndProject
Project("{2150E333-8FDC-42A3-9474-1A3956D46DE8}") = "Domain", "Domain", "{57B4B36A-160E-42C2-A9EB-F9EFB27775D8}"
EndProject
Project("{FAE04EC0-301F-11D3-BF4B-00C04F79EFBC}") = "Vending_machine.Domain.Interfaces", "Vending_machine.Domain.Interfaces\Vending_machine.Domain.Interfaces.csproj", "{9FD915F3-86CE-4D58-BC69-142F7C94B93C}"
EndProject
Project("{FAE04EC0-301F-11D3-BF4B-00C04F79EFBC}") = "Vending_machine.Domain.Implementation", "Vending_machine.Domain.Implementation\Vending_machine.Domain.Implementation.csproj", "{704DF331-28A1-4F7D-A9D8-46BE4F543C99}"
EndProject
Project("{FAE04EC0-301F-11D3-BF4B-00C04F79EFBC}") = "Vending_machine.Domain.Settings", "Vending_machine.Domain.Settings\Vending_machine.Domain.Settings.csproj", "{F263644B-91BD-4295-9DEF-3DF8A528FAD2}"
EndProject
Project("{FAE04EC0-301F-11D3-BF4B-00C04F79EFBC}") = "Vending_machine.Business.Implementations", "Vending_machine.Business.Implementations\Vending_machine.Business.Implementations.csproj", "{C985E320-0E7D-4A23-BA5A-8F3BCECB2547}"
EndProject
Project("{2150E333-8FDC-42A3-9474-1A3956D46DE8}") = "Utilities", "Utilities", "{F1E455EE-2CD0-437D-A2DA-C2BDEC9F28D3}"
EndProject
Project("{FAE04EC0-301F-11D3-BF4B-00C04F79EFBC}") = "Vending_machine.Utilities.InitDatabase", "Vending_machine.Utilities.InitDatabase\Vending_machine.Utilities.InitDatabase.csproj", "{F005AFFF-EAFD-4FE9-A5EC-4E89696F7405}"
EndProject
Global
	GlobalSection(SolutionConfigurationPlatforms) = preSolution
		Debug|Any CPU = Debug|Any CPU
		Release|Any CPU = Release|Any CPU
	EndGlobalSection
	GlobalSection(ProjectConfigurationPlatforms) = postSolution
		{1FC6F1EA-ECEE-4DA3-BA67-CE906F97C57E}.Debug|Any CPU.ActiveCfg = Debug|Any CPU
		{1FC6F1EA-ECEE-4DA3-BA67-CE906F97C57E}.Debug|Any CPU.Build.0 = Debug|Any CPU
		{1FC6F1EA-ECEE-4DA3-BA67-CE906F97C57E}.Release|Any CPU.ActiveCfg = Release|Any CPU
		{1FC6F1EA-ECEE-4DA3-BA67-CE906F97C57E}.Release|Any CPU.Build.0 = Release|Any CPU
		{132D143A-77D4-48FD-AE0F-09F4A46745A5}.Debug|Any CPU.ActiveCfg = Debug|Any CPU
		{132D143A-77D4-48FD-AE0F-09F4A46745A5}.Debug|Any CPU.Build.0 = Debug|Any CPU
		{132D143A-77D4-48FD-AE0F-09F4A46745A5}.Release|Any CPU.ActiveCfg = Release|Any CPU
		{132D143A-77D4-48FD-AE0F-09F4A46745A5}.Release|Any CPU.Build.0 = Release|Any CPU
		{A467C126-9637-44F6-9FAE-832ABD3AF553}.Debug|Any CPU.ActiveCfg = Debug|Any CPU
		{A467C126-9637-44F6-9FAE-832ABD3AF553}.Debug|Any CPU.Build.0 = Debug|Any CPU
		{A467C126-9637-44F6-9FAE-832ABD3AF553}.Release|Any CPU.ActiveCfg = Release|Any CPU
		{A467C126-9637-44F6-9FAE-832ABD3AF553}.Release|Any CPU.Build.0 = Release|Any CPU
		{4B38A8C5-F6C8-4568-9804-196F89FABDB8}.Debug|Any CPU.ActiveCfg = Debug|Any CPU
		{4B38A8C5-F6C8-4568-9804-196F89FABDB8}.Debug|Any CPU.Build.0 = Debug|Any CPU
		{4B38A8C5-F6C8-4568-9804-196F89FABDB8}.Release|Any CPU.ActiveCfg = Release|Any CPU
		{4B38A8C5-F6C8-4568-9804-196F89FABDB8}.Release|Any CPU.Build.0 = Release|Any CPU
		{9FD915F3-86CE-4D58-BC69-142F7C94B93C}.Debug|Any CPU.ActiveCfg = Debug|Any CPU
		{9FD915F3-86CE-4D58-BC69-142F7C94B93C}.Debug|Any CPU.Build.0 = Debug|Any CPU
		{9FD915F3-86CE-4D58-BC69-142F7C94B93C}.Release|Any CPU.ActiveCfg = Release|Any CPU
		{9FD915F3-86CE-4D58-BC69-142F7C94B93C}.Release|Any CPU.Build.0 = Release|Any CPU
		{704DF331-28A1-4F7D-A9D8-46BE4F543C99}.Debug|Any CPU.ActiveCfg = Debug|Any CPU
		{704DF331-28A1-4F7D-A9D8-46BE4F543C99}.Debug|Any CPU.Build.0 = Debug|Any CPU
		{704DF331-28A1-4F7D-A9D8-46BE4F543C99}.Release|Any CPU.ActiveCfg = Release|Any CPU
		{704DF331-28A1-4F7D-A9D8-46BE4F543C99}.Release|Any CPU.Build.0 = Release|Any CPU
		{F263644B-91BD-4295-9DEF-3DF8A528FAD2}.Debug|Any CPU.ActiveCfg = Debug|Any CPU
		{F263644B-91BD-4295-9DEF-3DF8A528FAD2}.Debug|Any CPU.Build.0 = Debug|Any CPU
		{F263644B-91BD-4295-9DEF-3DF8A528FAD2}.Release|Any CPU.ActiveCfg = Release|Any CPU
		{F263644B-91BD-4295-9DEF-3DF8A528FAD2}.Release|Any CPU.Build.0 = Release|Any CPU
		{C985E320-0E7D-4A23-BA5A-8F3BCECB2547}.Debug|Any CPU.ActiveCfg = Debug|Any CPU
		{C985E320-0E7D-4A23-BA5A-8F3BCECB2547}.Debug|Any CPU.Build.0 = Debug|Any CPU
		{C985E320-0E7D-4A23-BA5A-8F3BCECB2547}.Release|Any CPU.ActiveCfg = Release|Any CPU
		{C985E320-0E7D-4A23-BA5A-8F3BCECB2547}.Release|Any CPU.Build.0 = Release|Any CPU
		{F005AFFF-EAFD-4FE9-A5EC-4E89696F7405}.Debug|Any CPU.ActiveCfg = Debug|Any CPU
		{F005AFFF-EAFD-4FE9-A5EC-4E89696F7405}.Debug|Any CPU.Build.0 = Debug|Any CPU
		{F005AFFF-EAFD-4FE9-A5EC-4E89696F7405}.Release|Any CPU.ActiveCfg = Release|Any CPU
		{F005AFFF-EAFD-4FE9-A5EC-4E89696F7405}.Release|Any CPU.Build.0 = Release|Any CPU
	EndGlobalSection
	GlobalSection(SolutionProperties) = preSolution
		HideSolutionNode = FALSE
	EndGlobalSection
	GlobalSection(ExtensibilityGlobals) = postSolution
		SolutionGuid = {F2A1FEE6-6A21-4B7F-A12B-CAB5F75EFBD2}
	EndGlobalSection
	GlobalSection(NestedProjects) = preSolution
		{132D143A-77D4-48FD-AE0F-09F4A46745A5} = {5C5E8DA8-C50F-4B44-8792-CDA68A6CCD93}
		{A467C126-9637-44F6-9FAE-832ABD3AF553} = {175ED7D7-6772-45CD-8C67-F18BB5566199}
		{4B38A8C5-F6C8-4568-9804-196F89FABDB8} = {175ED7D7-6772-45CD-8C67-F18BB5566199}
		{9FD915F3-86CE-4D58-BC69-142F7C94B93C} = {57B4B36A-160E-42C2-A9EB-F9EFB27775D8}
		{704DF331-28A1-4F7D-A9D8-46BE4F543C99} = {57B4B36A-160E-42C2-A9EB-F9EFB27775D8}
		{F263644B-91BD-4295-9DEF-3DF8A528FAD2} = {57B4B36A-160E-42C2-A9EB-F9EFB27775D8}
		{C985E320-0E7D-4A23-BA5A-8F3BCECB2547} = {175ED7D7-6772-45CD-8C67-F18BB5566199}
		{F005AFFF-EAFD-4FE9-A5EC-4E89696F7405} = {F1E455EE-2CD0-437D-A2DA-C2BDEC9F28D3}
	EndGlobalSection
EndGlobal
